
Microsoft Visual Studio Solution File, Format Version 12.00
# Visual Studio 2012
Project("{E24C65DC-7377-472B-9ABA-BC803B73C61A}") = "Kodlar", "..\Kodlar\", "{0853A04B-BDD5-4AA9-8719-7644524ECD2A}"
	ProjectSection(WebsiteProperties) = preProject
		TargetFrameworkMoniker = ".NETFramework,Version%3Dv4.5"
		Debug.AspNetCompiler.VirtualPath = "/Kodlar"
		Debug.AspNetCompiler.PhysicalPath = "..\Kodlar\"
		Debug.AspNetCompiler.TargetPath = "PrecompiledWeb\Kodlar\"
		Debug.AspNetCompiler.Updateable = "true"
		Debug.AspNetCompiler.ForceOverwrite = "true"
		Debug.AspNetCompiler.FixedNames = "false"
		Debug.AspNetCompiler.Debug = "True"
		Release.AspNetCompiler.VirtualPath = "/Kodlar"
		Release.AspNetCompiler.PhysicalPath = "..\Kodlar\"
		Release.AspNetCompiler.TargetPath = "PrecompiledWeb\Kodlar\"
		Release.AspNetCompiler.Updateable = "true"
		Release.AspNetCompiler.ForceOverwrite = "true"
		Release.AspNetCompiler.FixedNames = "false"
		Release.AspNetCompiler.Debug = "False"
		VWDPort = "21890"
	EndProjectSection
EndProject
Global
	GlobalSection(SolutionConfigurationPlatforms) = preSolution
		Debug|Any CPU = Debug|Any CPU
	EndGlobalSection
	GlobalSection(ProjectConfigurationPlatforms) = postSolution
		{0853A04B-BDD5-4AA9-8719-7644524ECD2A}.Debug|Any CPU.ActiveCfg = Debug|Any CPU
		{0853A04B-BDD5-4AA9-8719-7644524ECD2A}.Debug|Any CPU.Build.0 = Debug|Any CPU
	EndGlobalSection
	GlobalSection(SolutionProperties) = preSolution
		HideSolutionNode = FALSE
	EndGlobalSection
EndGlobal
